{
  "requires": true,
  "lockfileVersion": 1,
  "dependencies": {
    "clsx": {
      "version": "1.1.1",
      "resolved": "https://registry.npmjs.org/clsx/-/clsx-1.1.1.tgz",
      "integrity": "sha512-6/bPho624p3S2pMyvP5kKBPXnI3ufHLObBFCfgx+LkeR5lg2XYy2hqZqUf45ypD8COn2bhgGJSUE+l5dhNBieA=="
    },
    "react-data-grid": {
      "version": "7.0.0-canary.17",
      "resolved": "https://registry.npmjs.org/react-data-grid/-/react-data-grid-7.0.0-canary.17.tgz",
      "integrity": "sha512-k1/WHOWxZCd5+Uo/NWUtZpr7CC9SxXXnxa6qmrelFf/f620c4VrFoZYsADK0iSkmI2uh35pUijZCpC1KMtJ/9g==",
      "requires": {
        "clsx": "^1.1.0"
      }
    }
  }
}
